// !$*UTF8*$!
{
	archiveVersion = 1;
	classes = {
	};
	objectVersion = 77;
	objects = {

/* Begin PBXContainerItemProxy section */
		531A8C272EBA029F00F2EF8A /* PBXContainerItemProxy */ = {
			isa = PBXContainerItemProxy;
			containerPortal = 531A8C082EBA029E00F2EF8A /* Project object */;
			proxyType = 1;
			remoteGlobalIDString = 531A8C0F2EBA029E00F2EF8A;
			remoteInfo = TheraSync;
		};
		531A8C312EBA029F00F2EF8A /* PBXContainerItemProxy */ = {
			isa = PBXContainerItemProxy;
			containerPortal = 531A8C082EBA029E00F2EF8A /* Project object */;
			proxyType = 1;
			remoteGlobalIDString = 531A8C0F2EBA029E00F2EF8A;
			remoteInfo = TheraSync;
		};
/* End PBXContainerItemProxy section */

/* Begin PBXFileReference section */
		293FF71A2EBDB49E00EED650 /* SignInOT.xcodeproj */ = {isa = PBXFileReference; lastKnownFileType = "wrapper.pb-project"; path = SignInOT.xcodeproj; sourceTree = "<group>"; };
		293FF7792EBDB50400EED650 /* OT main.xcodeproj */ = {isa = PBXFileReference; lastKnownFileType = "wrapper.pb-project"; path = "OT main.xcodeproj"; sourceTree = "<group>"; };
		293FF78B2EBDB50400EED650 /* register.xcodeproj */ = {isa = PBXFileReference; lastKnownFileType = "wrapper.pb-project"; path = register.xcodeproj; sourceTree = "<group>"; };
		293FF83D2EBDCB1C00EED650 /* register.xcodeproj */ = {isa = PBXFileReference; lastKnownFileType = "wrapper.pb-project"; path = register.xcodeproj; sourceTree = "<group>"; };
		293FF8F62EBDCC5900EED650 /* SignInOT.xcodeproj */ = {isa = PBXFileReference; lastKnownFileType = "wrapper.pb-project"; path = SignInOT.xcodeproj; sourceTree = "<group>"; };
		29664CA02EBD13BD00FCE105 /* OT main.xcodeproj */ = {isa = PBXFileReference; lastKnownFileType = "wrapper.pb-project"; path = "OT main.xcodeproj"; sourceTree = "<group>"; };
		29DB339F2EBD945C00D4F881 /* Register Screen.xcodeproj */ = {isa = PBXFileReference; lastKnownFileType = "wrapper.pb-project"; path = "Register Screen.xcodeproj"; sourceTree = "<group>"; };
		29FE79052EBD19670081E736 /* Register Screen.xcodeproj */ = {isa = PBXFileReference; lastKnownFileType = "wrapper.pb-project"; path = "Register Screen.xcodeproj"; sourceTree = "<group>"; };
		531A8C102EBA029E00F2EF8A /* TheraSync.app */ = {isa = PBXFileReference; explicitFileType = wrapper.application; includeInIndex = 0; path = TheraSync.app; sourceTree = BUILT_PRODUCTS_DIR; };
		531A8C262EBA029F00F2EF8A /* TheraSyncTests.xctest */ = {isa = PBXFileReference; explicitFileType = wrapper.cfbundle; includeInIndex = 0; path = TheraSyncTests.xctest; sourceTree = BUILT_PRODUCTS_DIR; };
		531A8C302EBA029F00F2EF8A /* TheraSyncUITests.xctest */ = {isa = PBXFileReference; explicitFileType = wrapper.cfbundle; includeInIndex = 0; path = TheraSyncUITests.xctest; sourceTree = BUILT_PRODUCTS_DIR; };
/* End PBXFileReference section */

/* Begin PBXFileSystemSynchronizedBuildFileExceptionSet section */
		531A8C382EBA029F00F2EF8A /* Exceptions for "TheraSync" folder in "TheraSync" target */ = {
			isa = PBXFileSystemSynchronizedBuildFileExceptionSet;
			membershipExceptions = (
				Info.plist,
			);
			target = 531A8C0F2EBA029E00F2EF8A /* TheraSync */;
		};
/* End PBXFileSystemSynchronizedBuildFileExceptionSet section */

/* Begin PBXFileSystemSynchronizedRootGroup section */
		531A8C122EBA029E00F2EF8A /* TheraSync */ = {
			isa = PBXFileSystemSynchronizedRootGroup;
			exceptions = (
				531A8C382EBA029F00F2EF8A /* Exceptions for "TheraSync" folder in "TheraSync" target */,
			);
			path = TheraSync;
			sourceTree = "<group>";
		};
		531A8C292EBA029F00F2EF8A /* TheraSyncTests */ = {
			isa = PBXFileSystemSynchronizedRootGroup;
			path = TheraSyncTests;
			sourceTree = "<group>";
		};
		531A8C332EBA029F00F2EF8A /* TheraSyncUITests */ = {
			isa = PBXFileSystemSynchronizedRootGroup;
			path = TheraSyncUITests;
			sourceTree = "<group>";
		};
/* End PBXFileSystemSynchronizedRootGroup section */

/* Begin PBXFrameworksBuildPhase section */
		531A8C0D2EBA029E00F2EF8A /* Frameworks */ = {
			isa = PBXFrameworksBuildPhase;
			buildActionMask = 2147483647;
			files = (
			);
			runOnlyForDeploymentPostprocessing = 0;
		};
		531A8C232EBA029F00F2EF8A /* Frameworks */ = {
			isa = PBXFrameworksBuildPhase;
			buildActionMask = 2147483647;
			files = (
			);
			runOnlyForDeploymentPostprocessing = 0;
		};
		531A8C2D2EBA029F00F2EF8A /* Frameworks */ = {
			isa = PBXFrameworksBuildPhase;
			buildActionMask = 2147483647;
			files = (
			);
			runOnlyForDeploymentPostprocessing = 0;
		};
/* End PBXFrameworksBuildPhase section */

/* Begin PBXGroup section */
		293FF7282EBDB49E00EED650 /* Products */ = {
			isa = PBXGroup;
			children = (
			);
			name = Products;
			sourceTree = "<group>";
		};
		293FF78D2EBDB50400EED650 /* Products */ = {
			isa = PBXGroup;
			children = (
			);
			name = Products;
			sourceTree = "<group>";
		};
		293FF78F2EBDB50400EED650 /* Products */ = {
			isa = PBXGroup;
			children = (
			);
			name = Products;
			sourceTree = "<group>";
		};
		293FF84F2EBDCB1C00EED650 /* Products */ = {
			isa = PBXGroup;
			children = (
			);
			name = Products;
			sourceTree = "<group>";
		};
		293FF8F82EBDCC5900EED650 /* Products */ = {
			isa = PBXGroup;
			children = (
			);
			name = Products;
			sourceTree = "<group>";
		};
		29664CA22EBD13BD00FCE105 /* Products */ = {
			isa = PBXGroup;
			children = (
			);
			name = Products;
			sourceTree = "<group>";
		};
		29DB33AB2EBD945C00D4F881 /* Products */ = {
			isa = PBXGroup;
			children = (
			);
			name = Products;
			sourceTree = "<group>";
		};
		29FE79072EBD19670081E736 /* Products */ = {
			isa = PBXGroup;
			children = (
			);
			name = Products;
			sourceTree = "<group>";
		};
		531A8C072EBA029E00F2EF8A = {
			isa = PBXGroup;
			children = (
				531A8C122EBA029E00F2EF8A /* TheraSync */,
				531A8C292EBA029F00F2EF8A /* TheraSyncTests */,
				531A8C332EBA029F00F2EF8A /* TheraSyncUITests */,
				531A8C112EBA029E00F2EF8A /* Products */,
			);
			sourceTree = "<group>";
		};
		531A8C112EBA029E00F2EF8A /* Products */ = {
			isa = PBXGroup;
			children = (
				531A8C102EBA029E00F2EF8A /* TheraSync.app */,
				531A8C262EBA029F00F2EF8A /* TheraSyncTests.xctest */,
				531A8C302EBA029F00F2EF8A /* TheraSyncUITests.xctest */,
			);
			name = Products;
			sourceTree = "<group>";
		};
/* End PBXGroup section */

/* Begin PBXNativeTarget section */
		531A8C0F2EBA029E00F2EF8A /* TheraSync */ = {
			isa = PBXNativeTarget;
			buildConfigurationList = 531A8C392EBA029F00F2EF8A /* Build configuration list for PBXNativeTarget "TheraSync" */;
			buildPhases = (
				531A8C0C2EBA029E00F2EF8A /* Sources */,
				531A8C0D2EBA029E00F2EF8A /* Frameworks */,
				531A8C0E2EBA029E00F2EF8A /* Resources */,
			);
			buildRules = (
			);
			dependencies = (
			);
			fileSystemSynchronizedGroups = (
				531A8C122EBA029E00F2EF8A /* TheraSync */,
			);
			name = TheraSync;
			packageProductDependencies = (
			);
			productName = TheraSync;
			productReference = 531A8C102EBA029E00F2EF8A /* TheraSync.app */;
			productType = "com.apple.product-type.application";
		};
		531A8C252EBA029F00F2EF8A /* TheraSyncTests */ = {
			isa = PBXNativeTarget;
			buildConfigurationList = 531A8C3E2EBA029F00F2EF8A /* Build configuration list for PBXNativeTarget "TheraSyncTests" */;
			buildPhases = (
				531A8C222EBA029F00F2EF8A /* Sources */,
				531A8C232EBA029F00F2EF8A /* Frameworks */,
				531A8C242EBA029F00F2EF8A /* Resources */,
			);
			buildRules = (
			);
			dependencies = (
				531A8C282EBA029F00F2EF8A /* PBXTargetDependency */,
			);
			fileSystemSynchronizedGroups = (
				531A8C292EBA029F00F2EF8A /* TheraSyncTests */,
			);
			name = TheraSyncTests;
			packageProductDependencies = (
			);
			productName = TheraSyncTests;
			productReference = 531A8C262EBA029F00F2EF8A /* TheraSyncTests.xctest */;
			productType = "com.apple.product-type.bundle.unit-test";
		};
		531A8C2F2EBA029F00F2EF8A /* TheraSyncUITests */ = {
			isa = PBXNativeTarget;
			buildConfigurationList = 531A8C412EBA029F00F2EF8A /* Build configuration list for PBXNativeTarget "TheraSyncUITests" */;
			buildPhases = (
				531A8C2C2EBA029F00F2EF8A /* Sources */,
				531A8C2D2EBA029F00F2EF8A /* Frameworks */,
				531A8C2E2EBA029F00F2EF8A /* Resources */,
			);
			buildRules = (
			);
			dependencies = (
				531A8C322EBA029F00F2EF8A /* PBXTargetDependency */,
			);
			fileSystemSynchronizedGroups = (
				531A8C332EBA029F00F2EF8A /* TheraSyncUITests */,
			);
			name = TheraSyncUITests;
			packageProductDependencies = (
			);
			productName = TheraSyncUITests;
			productReference = 531A8C302EBA029F00F2EF8A /* TheraSyncUITests.xctest */;
			productType = "com.apple.product-type.bundle.ui-testing";
		};
/* End PBXNativeTarget section */

/* Begin PBXProject section */
		531A8C082EBA029E00F2EF8A /* Project object */ = {
			isa = PBXProject;
			attributes = {
				BuildIndependentTargetsInParallel = 1;
				LastSwiftUpdateCheck = 2600;
				LastUpgradeCheck = 2600;
				TargetAttributes = {
					531A8C0F2EBA029E00F2EF8A = {
						CreatedOnToolsVersion = 26.0.1;
					};
					531A8C252EBA029F00F2EF8A = {
						CreatedOnToolsVersion = 26.0.1;
						TestTargetID = 531A8C0F2EBA029E00F2EF8A;
					};
					531A8C2F2EBA029F00F2EF8A = {
						CreatedOnToolsVersion = 26.0.1;
						TestTargetID = 531A8C0F2EBA029E00F2EF8A;
					};
				};
			};
			buildConfigurationList = 531A8C0B2EBA029E00F2EF8A /* Build configuration list for PBXProject "TheraSync" */;
			developmentRegion = en;
			hasScannedForEncodings = 0;
			knownRegions = (
				en,
				Base,
			);
			mainGroup = 531A8C072EBA029E00F2EF8A;
			minimizedProjectReferenceProxies = 1;
			preferredProjectObjectVersion = 77;
			productRefGroup = 531A8C112EBA029E00F2EF8A /* Products */;
			projectDirPath = "";
			projectReferences = (
				{
					ProductGroup = 29664CA22EBD13BD00FCE105 /* Products */;
					ProjectRef = 29664CA02EBD13BD00FCE105 /* OT main.xcodeproj */;
				},
				{
					ProductGroup = 293FF78F2EBDB50400EED650 /* Products */;
					ProjectRef = 293FF7792EBDB50400EED650 /* OT main.xcodeproj */;
				},
				{
					ProductGroup = 29FE79072EBD19670081E736 /* Products */;
					ProjectRef = 29FE79052EBD19670081E736 /* Register Screen.xcodeproj */;
				},
				{
					ProductGroup = 29DB33AB2EBD945C00D4F881 /* Products */;
					ProjectRef = 29DB339F2EBD945C00D4F881 /* Register Screen.xcodeproj */;
				},
				{
					ProductGroup = 293FF78D2EBDB50400EED650 /* Products */;
					ProjectRef = 293FF78B2EBDB50400EED650 /* register.xcodeproj */;
				},
				{
					ProductGroup = 293FF84F2EBDCB1C00EED650 /* Products */;
					ProjectRef = 293FF83D2EBDCB1C00EED650 /* register.xcodeproj */;
				},
				{
					ProductGroup = 293FF7282EBDB49E00EED650 /* Products */;
					ProjectRef = 293FF71A2EBDB49E00EED650 /* SignInOT.xcodeproj */;
				},
				{
					ProductGroup = 293FF8F82EBDCC5900EED650 /* Products */;
					ProjectRef = 293FF8F62EBDCC5900EED650 /* SignInOT.xcodeproj */;
				},
			);
			projectRoot = "";
			targets = (
				531A8C0F2EBA029E00F2EF8A /* TheraSync */,
				531A8C252EBA029F00F2EF8A /* TheraSyncTests */,
				531A8C2F2EBA029F00F2EF8A /* TheraSyncUITests */,
			);
		};
/* End PBXProject section */

/* Begin PBXResourcesBuildPhase section */
		531A8C0E2EBA029E00F2EF8A /* Resources */ = {
			isa = PBXResourcesBuildPhase;
			buildActionMask = 2147483647;
			files = (
			);
			runOnlyForDeploymentPostprocessing = 0;
		};
		531A8C242EBA029F00F2EF8A /* Resources */ = {
			isa = PBXResourcesBuildPhase;
			buildActionMask = 2147483647;
			files = (
			);
			runOnlyForDeploymentPostprocessing = 0;
		};
		531A8C2E2EBA029F00F2EF8A /* Resources */ = {
			isa = PBXResourcesBuildPhase;
			buildActionMask = 2147483647;
			files = (
			);
			runOnlyForDeploymentPostprocessing = 0;
		};
/* End PBXResourcesBuildPhase section */

/* Begin PBXSourcesBuildPhase section */
		531A8C0C2EBA029E00F2EF8A /* Sources */ = {
			isa = PBXSourcesBuildPhase;
			buildActionMask = 2147483647;
			files = (
			);
			runOnlyForDeploymentPostprocessing = 0;
		};
		531A8C222EBA029F00F2EF8A /* Sources */ = {
			isa = PBXSourcesBuildPhase;
			buildActionMask = 2147483647;
			files = (
			);
			runOnlyForDeploymentPostprocessing = 0;
		};
		531A8C2C2EBA029F00F2EF8A /* Sources */ = {
			isa = PBXSourcesBuildPhase;
			buildActionMask = 2147483647;
			files = (
			);
			runOnlyForDeploymentPostprocessing = 0;
		};
/* End PBXSourcesBuildPhase section */

/* Begin PBXTargetDependency section */
		531A8C282EBA029F00F2EF8A /* PBXTargetDependency */ = {
			isa = PBXTargetDependency;
			target = 531A8C0F2EBA029E00F2EF8A /* TheraSync */;
			targetProxy = 531A8C272EBA029F00F2EF8A /* PBXContainerItemProxy */;
		};
		531A8C322EBA029F00F2EF8A /* PBXTargetDependency */ = {
			isa = PBXTargetDependency;
			target = 531A8C0F2EBA029E00F2EF8A /* TheraSync */;
			targetProxy = 531A8C312EBA029F00F2EF8A /* PBXContainerItemProxy */;
		};
/* End PBXTargetDependency section */

/* Begin XCBuildConfiguration section */
		531A8C3A2EBA029F00F2EF8A /* Debug */ = {
			isa = XCBuildConfiguration;
			buildSettings = {
				ASSETCATALOG_COMPILER_APPICON_NAME = AppIcon;
				ASSETCATALOG_COMPILER_GLOBAL_ACCENT_COLOR_NAME = AccentColor;
				CODE_SIGN_STYLE = Automatic;
				CURRENT_PROJECT_VERSION = 1;
				GENERATE_INFOPLIST_FILE = YES;
				INFOPLIST_FILE = TheraSync/Info.plist;
				INFOPLIST_KEY_UIApplicationSupportsIndirectInputEvents = YES;
				INFOPLIST_KEY_UILaunchStoryboardName = LaunchScreen.storyboard;
				INFOPLIST_KEY_UIMainStoryboardFile = Main;
				INFOPLIST_KEY_UIStatusBarStyle = "";
				INFOPLIST_KEY_UISupportedInterfaceOrientations_iPad = "UIInterfaceOrientationPortrait UIInterfaceOrientationPortraitUpsideDown UIInterfaceOrientationLandscapeLeft UIInterfaceOrientationLandscapeRight";
				INFOPLIST_KEY_UISupportedInterfaceOrientations_iPhone = "UIInterfaceOrientationPortrait UIInterfaceOrientationLandscapeLeft UIInterfaceOrientationLandscapeRight";
				LD_RUNPATH_SEARCH_PATHS = (
					"$(inherited)",
					"@executable_path/Frameworks",
				);
				MARKETING_VERSION = 1.0;
				PRODUCT_BUNDLE_IDENTIFIER = com.sachin.TheraSync;
				PRODUCT_NAME = "$(TARGET_NAME)";
				STRING_CATALOG_GENERATE_SYMBOLS = YES;
				SWIFT_APPROACHABLE_CONCURRENCY = YES;
				SWIFT_DEFAULT_ACTOR_ISOLATION = MainActor;
				SWIFT_EMIT_LOC_STRINGS = YES;
				SWIFT_UPCOMING_FEATURE_MEMBER_IMPORT_VISIBILITY = YES;
				SWIFT_VERSION = 5.0;
				TARGETED_DEVICE_FAMILY = "1,2";
			};
			name = Debug;
		};
		531A8C3B2EBA029F00F2EF8A /* Release */ = {
			isa = XCBuildConfiguration;
			buildSettings = {
				ASSETCATALOG_COMPILER_APPICON_NAME = AppIcon;
				ASSETCATALOG_COMPILER_GLOBAL_ACCENT_COLOR_NAME = AccentColor;
				CODE_SIGN_STYLE = Automatic;
				CURRENT_PROJECT_VERSION = 1;
				GENERATE_INFOPLIST_FILE = YES;
				INFOPLIST_FILE = TheraSync/Info.plist;
				INFOPLIST_KEY_UIApplicationSupportsIndirectInputEvents = YES;
				INFOPLIST_KEY_UILaunchStoryboardName = LaunchScreen.storyboard;
				INFOPLIST_KEY_UIMainStoryboardFile = Main;
				INFOPLIST_KEY_UIStatusBarStyle = "";
				INFOPLIST_KEY_UISupportedInterfaceOrientations_iPad = "UIInterfaceOrientationPortrait UIInterfaceOrientationPortraitUpsideDown UIInterfaceOrientationLandscapeLeft UIInterfaceOrientationLandscapeRight";
				INFOPLIST_KEY_UISupportedInterfaceOrientations_iPhone = "UIInterfaceOrientationPortrait UIInterfaceOrientationLandscapeLeft UIInterfaceOrientationLandscapeRight";
				LD_RUNPATH_SEARCH_PATHS = (
					"$(inherited)",
					"@executable_path/Frameworks",
				);
				MARKETING_VERSION = 1.0;
				PRODUCT_BUNDLE_IDENTIFIER = com.sachin.TheraSync;
				PRODUCT_NAME = "$(TARGET_NAME)";
				STRING_CATALOG_GENERATE_SYMBOLS = YES;
				SWIFT_APPROACHABLE_CONCURRENCY = YES;
				SWIFT_DEFAULT_ACTOR_ISOLATION = MainActor;
				SWIFT_EMIT_LOC_STRINGS = YES;
				SWIFT_UPCOMING_FEATURE_MEMBER_IMPORT_VISIBILITY = YES;
				SWIFT_VERSION = 5.0;
				TARGETED_DEVICE_FAMILY = "1,2";
			};
			name = Release;
		};
		531A8C3C2EBA029F00F2EF8A /* Debug */ = {
			isa = XCBuildConfiguration;
			buildSettings = {
				ALWAYS_SEARCH_USER_PATHS = NO;
				ASSETCATALOG_COMPILER_GENERATE_SWIFT_ASSET_SYMBOL_EXTENSIONS = YES;
				CLANG_ANALYZER_NONNULL = YES;
				CLANG_ANALYZER_NUMBER_OBJECT_CONVERSION = YES_AGGRESSIVE;
				CLANG_CXX_LANGUAGE_STANDARD = "gnu++20";
				CLANG_ENABLE_MODULES = YES;
				CLANG_ENABLE_OBJC_ARC = YES;
				CLANG_ENABLE_OBJC_WEAK = YES;
				CLANG_WARN_BLOCK_CAPTURE_AUTORELEASING = YES;
				CLANG_WARN_BOOL_CONVERSION = YES;
				CLANG_WARN_COMMA = YES;
				CLANG_WARN_CONSTANT_CONVERSION = YES;
				CLANG_WARN_DEPRECATED_OBJC_IMPLEMENTATIONS = YES;
				CLANG_WARN_DIRECT_OBJC_ISA_USAGE = YES_ERROR;
				CLANG_WARN_DOCUMENTATION_COMMENTS = YES;
				CLANG_WARN_EMPTY_BODY = YES;
				CLANG_WARN_ENUM_CONVERSION = YES;
				CLANG_WARN_INFINITE_RECURSION = YES;
				CLANG_WARN_INT_CONVERSION = YES;
				CLANG_WARN_NON_LITERAL_NULL_CONVERSION = YES;
				CLANG_WARN_OBJC_IMPLICIT_RETAIN_SELF = YES;
				CLANG_WARN_OBJC_LITERAL_CONVERSION = YES;
				CLANG_WARN_OBJC_ROOT_CLASS = YES_ERROR;
				CLANG_WARN_QUOTED_INCLUDE_IN_FRAMEWORK_HEADER = YES;
				CLANG_WARN_RANGE_LOOP_ANALYSIS = YES;
				CLANG_WARN_STRICT_PROTOTYPES = YES;
				CLANG_WARN_SUSPICIOUS_MOVE = YES;
				CLANG_WARN_UNGUARDED_AVAILABILITY = YES_AGGRESSIVE;
				CLANG_WARN_UNREACHABLE_CODE = YES;
				CLANG_WARN__DUPLICATE_METHOD_MATCH = YES;
				COPY_PHASE_STRIP = NO;
				DEBUG_INFORMATION_FORMAT = dwarf;
				ENABLE_STRICT_OBJC_MSGSEND = YES;
				ENABLE_TESTABILITY = YES;
				ENABLE_USER_SCRIPT_SANDBOXING = YES;
				GCC_C_LANGUAGE_STANDARD = gnu17;
				GCC_DYNAMIC_NO_PIC = NO;
				GCC_NO_COMMON_BLOCKS = YES;
				GCC_OPTIMIZATION_LEVEL = 0;
				GCC_PREPROCESSOR_DEFINITIONS = (
					"DEBUG=1",
					"$(inherited)",
				);
				GCC_WARN_64_TO_32_BIT_CONVERSION = YES;
				GCC_WARN_ABOUT_RETURN_TYPE = YES_ERROR;
				GCC_WARN_UNDECLARED_SELECTOR = YES;
				GCC_WARN_UNINITIALIZED_AUTOS = YES_AGGRESSIVE;
				GCC_WARN_UNUSED_FUNCTION = YES;
				GCC_WARN_UNUSED_VARIABLE = YES;
				IPHONEOS_DEPLOYMENT_TARGET = 26.0;
				LOCALIZATION_PREFERS_STRING_CATALOGS = YES;
				MTL_ENABLE_DEBUG_INFO = INCLUDE_SOURCE;
				MTL_FAST_MATH = YES;
				ONLY_ACTIVE_ARCH = YES;
				SDKROOT = iphoneos;
				SWIFT_ACTIVE_COMPILATION_CONDITIONS = "DEBUG $(inherited)";
				SWIFT_OPTIMIZATION_LEVEL = "-Onone";
			};
			name = Debug;
		};
		531A8C3D2EBA029F00F2EF8A /* Release */ = {
			isa = XCBuildConfiguration;
			buildSettings = {
				ALWAYS_SEARCH_USER_PATHS = NO;
				ASSETCATALOG_COMPILER_GENERATE_SWIFT_ASSET_SYMBOL_EXTENSIONS = YES;
				CLANG_ANALYZER_NONNULL = YES;
				CLANG_ANALYZER_NUMBER_OBJECT_CONVERSION = YES_AGGRESSIVE;
				CLANG_CXX_LANGUAGE_STANDARD = "gnu++20";
				CLANG_ENABLE_MODULES = YES;
				CLANG_ENABLE_OBJC_ARC = YES;
				CLANG_ENABLE_OBJC_WEAK = YES;
				CLANG_WARN_BLOCK_CAPTURE_AUTORELEASING = YES;
				CLANG_WARN_BOOL_CONVERSION = YES;
				CLANG_WARN_COMMA = YES;
				CLANG_WARN_CONSTANT_CONVERSION = YES;
				CLANG_WARN_DEPRECATED_OBJC_IMPLEMENTATIONS = YES;
				CLANG_WARN_DIRECT_OBJC_ISA_USAGE = YES_ERROR;
				CLANG_WARN_DOCUMENTATION_COMMENTS = YES;
				CLANG_WARN_EMPTY_BODY = YES;
				CLANG_WARN_ENUM_CONVERSION = YES;
				CLANG_WARN_INFINITE_RECURSION = YES;
				CLANG_WARN_INT_CONVERSION = YES;
				CLANG_WARN_NON_LITERAL_NULL_CONVERSION = YES;
				CLANG_WARN_OBJC_IMPLICIT_RETAIN_SELF = YES;
				CLANG_WARN_OBJC_LITERAL_CONVERSION = YES;
				CLANG_WARN_OBJC_ROOT_CLASS = YES_ERROR;
				CLANG_WARN_QUOTED_INCLUDE_IN_FRAMEWORK_HEADER = YES;
				CLANG_WARN_RANGE_LOOP_ANALYSIS = YES;
				CLANG_WARN_STRICT_PROTOTYPES = YES;
				CLANG_WARN_SUSPICIOUS_MOVE = YES;
				CLANG_WARN_UNGUARDED_AVAILABILITY = YES_AGGRESSIVE;
				CLANG_WARN_UNREACHABLE_CODE = YES;
				CLANG_WARN__DUPLICATE_METHOD_MATCH = YES;
				COPY_PHASE_STRIP = NO;
				DEBUG_INFORMATION_FORMAT = "dwarf-with-dsym";
				ENABLE_NS_ASSERTIONS = NO;
				ENABLE_STRICT_OBJC_MSGSEND = YES;
				ENABLE_USER_SCRIPT_SANDBOXING = YES;
				GCC_C_LANGUAGE_STANDARD = gnu17;
				GCC_NO_COMMON_BLOCKS = YES;
				GCC_WARN_64_TO_32_BIT_CONVERSION = YES;
				GCC_WARN_ABOUT_RETURN_TYPE = YES_ERROR;
				GCC_WARN_UNDECLARED_SELECTOR = YES;
				GCC_WARN_UNINITIALIZED_AUTOS = YES_AGGRESSIVE;
				GCC_WARN_UNUSED_FUNCTION = YES;
				GCC_WARN_UNUSED_VARIABLE = YES;
				IPHONEOS_DEPLOYMENT_TARGET = 26.0;
				LOCALIZATION_PREFERS_STRING_CATALOGS = YES;
				MTL_ENABLE_DEBUG_INFO = NO;
				MTL_FAST_MATH = YES;
				SDKROOT = iphoneos;
				SWIFT_COMPILATION_MODE = wholemodule;
				VALIDATE_PRODUCT = YES;
			};
			name = Release;
		};
		531A8C3F2EBA029F00F2EF8A /* Debug */ = {
			isa = XCBuildConfiguration;
			buildSettings = {
				BUNDLE_LOADER = "$(TEST_HOST)";
				CODE_SIGN_STYLE = Automatic;
				CURRENT_PROJECT_VERSION = 1;
				GENERATE_INFOPLIST_FILE = YES;
				IPHONEOS_DEPLOYMENT_TARGET = 26.0;
				MARKETING_VERSION = 1.0;
				PRODUCT_BUNDLE_IDENTIFIER = com.sachin.TheraSyncTests;
				PRODUCT_NAME = "$(TARGET_NAME)";
				STRING_CATALOG_GENERATE_SYMBOLS = NO;
				SWIFT_APPROACHABLE_CONCURRENCY = YES;
				SWIFT_EMIT_LOC_STRINGS = NO;
				SWIFT_UPCOMING_FEATURE_MEMBER_IMPORT_VISIBILITY = YES;
				SWIFT_VERSION = 5.0;
				TARGETED_DEVICE_FAMILY = "1,2";
				TEST_HOST = "$(BUILT_PRODUCTS_DIR)/TheraSync.app/$(BUNDLE_EXECUTABLE_FOLDER_PATH)/TheraSync";
			};
			name = Debug;
		};
		531A8C402EBA029F00F2EF8A /* Release */ = {
			isa = XCBuildConfiguration;
			buildSettings = {
				BUNDLE_LOADER = "$(TEST_HOST)";
				CODE_SIGN_STYLE = Automatic;
				CURRENT_PROJECT_VERSION = 1;
				GENERATE_INFOPLIST_FILE = YES;
				IPHONEOS_DEPLOYMENT_TARGET = 26.0;
				MARKETING_VERSION = 1.0;
				PRODUCT_BUNDLE_IDENTIFIER = com.sachin.TheraSyncTests;
				PRODUCT_NAME = "$(TARGET_NAME)";
				STRING_CATALOG_GENERATE_SYMBOLS = NO;
				SWIFT_APPROACHABLE_CONCURRENCY = YES;
				SWIFT_EMIT_LOC_STRINGS = NO;
				SWIFT_UPCOMING_FEATURE_MEMBER_IMPORT_VISIBILITY = YES;
				SWIFT_VERSION = 5.0;
				TARGETED_DEVICE_FAMILY = "1,2";
				TEST_HOST = "$(BUILT_PRODUCTS_DIR)/TheraSync.app/$(BUNDLE_EXECUTABLE_FOLDER_PATH)/TheraSync";
			};
			name = Release;
		};
		531A8C422EBA029F00F2EF8A /* Debug */ = {
			isa = XCBuildConfiguration;
			buildSettings = {
				CODE_SIGN_STYLE = Automatic;
				CURRENT_PROJECT_VERSION = 1;
				GENERATE_INFOPLIST_FILE = YES;
				MARKETING_VERSION = 1.0;
				PRODUCT_BUNDLE_IDENTIFIER = com.sachin.TheraSyncUITests;
				PRODUCT_NAME = "$(TARGET_NAME)";
				STRING_CATALOG_GENERATE_SYMBOLS = NO;
				SWIFT_APPROACHABLE_CONCURRENCY = YES;
				SWIFT_EMIT_LOC_STRINGS = NO;
				SWIFT_UPCOMING_FEATURE_MEMBER_IMPORT_VISIBILITY = YES;
				SWIFT_VERSION = 5.0;
				TARGETED_DEVICE_FAMILY = "1,2";
				TEST_TARGET_NAME = TheraSync;
			};
			name = Debug;
		};
		531A8C432EBA029F00F2EF8A /* Release */ = {
			isa = XCBuildConfiguration;
			buildSettings = {
				CODE_SIGN_STYLE = Automatic;
				CURRENT_PROJECT_VERSION = 1;
				GENERATE_INFOPLIST_FILE = YES;
				MARKETING_VERSION = 1.0;
				PRODUCT_BUNDLE_IDENTIFIER = com.sachin.TheraSyncUITests;
				PRODUCT_NAME = "$(TARGET_NAME)";
				STRING_CATALOG_GENERATE_SYMBOLS = NO;
				SWIFT_APPROACHABLE_CONCURRENCY = YES;
				SWIFT_EMIT_LOC_STRINGS = NO;
				SWIFT_UPCOMING_FEATURE_MEMBER_IMPORT_VISIBILITY = YES;
				SWIFT_VERSION = 5.0;
				TARGETED_DEVICE_FAMILY = "1,2";
				TEST_TARGET_NAME = TheraSync;
			};
			name = Release;
		};
/* End XCBuildConfiguration section */

/* Begin XCConfigurationList section */
		531A8C0B2EBA029E00F2EF8A /* Build configuration list for PBXProject "TheraSync" */ = {
			isa = XCConfigurationList;
			buildConfigurations = (
				531A8C3C2EBA029F00F2EF8A /* Debug */,
				531A8C3D2EBA029F00F2EF8A /* Release */,
			);
			defaultConfigurationIsVisible = 0;
			defaultConfigurationName = Release;
		};
		531A8C392EBA029F00F2EF8A /* Build configuration list for PBXNativeTarget "TheraSync" */ = {
			isa = XCConfigurationList;
			buildConfigurations = (
				531A8C3A2EBA029F00F2EF8A /* Debug */,
				531A8C3B2EBA029F00F2EF8A /* Release */,
			);
			defaultConfigurationIsVisible = 0;
			defaultConfigurationName = Release;
		};
		531A8C3E2EBA029F00F2EF8A /* Build configuration list for PBXNativeTarget "TheraSyncTests" */ = {
			isa = XCConfigurationList;
			buildConfigurations = (
				531A8C3F2EBA029F00F2EF8A /* Debug */,
				531A8C402EBA029F00F2EF8A /* Release */,
			);
			defaultConfigurationIsVisible = 0;
			defaultConfigurationName = Release;
		};
		531A8C412EBA029F00F2EF8A /* Build configuration list for PBXNativeTarget "TheraSyncUITests" */ = {
			isa = XCConfigurationList;
			buildConfigurations = (
				531A8C422EBA029F00F2EF8A /* Debug */,
				531A8C432EBA029F00F2EF8A /* Release */,
			);
			defaultConfigurationIsVisible = 0;
			defaultConfigurationName = Release;
		};
/* End XCConfigurationList section */
	};
	rootObject = 531A8C082EBA029E00F2EF8A /* Project object */;
}
